
Microsoft Visual Studio Solution File, Format Version 12.00
# Visual Studio Version 16
VisualStudioVersion = 16.0.30717.126
MinimumVisualStudioVersion = 10.0.40219.1
Project("{FAE04EC0-301F-11D3-BF4B-00C04F79EFBC}") = "Generator", "src\Generator\Generator.csproj", "{1669E311-49AC-44E7-B3FC-7CC3C26662F0}"
EndProject
Project("{9A19103F-16F7-4668-BE54-9A1E7A4F7556}") = "Generator.DomainApi", "src\Generator.DomainApi\Generator.DomainApi.csproj", "{10AAF466-3F4A-47E0-9E75-9737B19B46AF}"
EndProject
Project("{9A19103F-16F7-4668-BE54-9A1E7A4F7556}") = "Generator.Domain", "src\Generator.Domain\Generator.Domain.csproj", "{C2D44FE4-410D-408C-8435-CCCB77C4339E}"
EndProject
Project("{9A19103F-16F7-4668-BE54-9A1E7A4F7556}") = "Generator.Persistence.Adapter", "src\Generator.Persistence.Adapter\Generator.Persistence.Adapter.csproj", "{8291FB65-54AF-4D64-AE68-B4F64E33DBE1}"
EndProject
Project("{9A19103F-16F7-4668-BE54-9A1E7A4F7556}") = "Generator.RestAdapter", "src\Generator.RestAdapter\Generator.RestAdapter.csproj", "{AD28F426-0678-452C-9D95-CB14703D8756}"
EndProject
Global
	GlobalSection(SolutionConfigurationPlatforms) = preSolution
		Debug|Any CPU = Debug|Any CPU
		Release|Any CPU = Release|Any CPU
	EndGlobalSection
	GlobalSection(ProjectConfigurationPlatforms) = postSolution
		{1669E311-49AC-44E7-B3FC-7CC3C26662F0}.Debug|Any CPU.ActiveCfg = Debug|Any CPU
		{1669E311-49AC-44E7-B3FC-7CC3C26662F0}.Debug|Any CPU.Build.0 = Debug|Any CPU
		{1669E311-49AC-44E7-B3FC-7CC3C26662F0}.Release|Any CPU.ActiveCfg = Release|Any CPU
		{1669E311-49AC-44E7-B3FC-7CC3C26662F0}.Release|Any CPU.Build.0 = Release|Any CPU
		{10AAF466-3F4A-47E0-9E75-9737B19B46AF}.Debug|Any CPU.ActiveCfg = Debug|Any CPU
		{10AAF466-3F4A-47E0-9E75-9737B19B46AF}.Debug|Any CPU.Build.0 = Debug|Any CPU
		{10AAF466-3F4A-47E0-9E75-9737B19B46AF}.Release|Any CPU.ActiveCfg = Release|Any CPU
		{10AAF466-3F4A-47E0-9E75-9737B19B46AF}.Release|Any CPU.Build.0 = Release|Any CPU
		{C2D44FE4-410D-408C-8435-CCCB77C4339E}.Debug|Any CPU.ActiveCfg = Debug|Any CPU
		{C2D44FE4-410D-408C-8435-CCCB77C4339E}.Debug|Any CPU.Build.0 = Debug|Any CPU
		{C2D44FE4-410D-408C-8435-CCCB77C4339E}.Release|Any CPU.ActiveCfg = Release|Any CPU
		{C2D44FE4-410D-408C-8435-CCCB77C4339E}.Release|Any CPU.Build.0 = Release|Any CPU
		{8291FB65-54AF-4D64-AE68-B4F64E33DBE1}.Debug|Any CPU.ActiveCfg = Debug|Any CPU
		{8291FB65-54AF-4D64-AE68-B4F64E33DBE1}.Debug|Any CPU.Build.0 = Debug|Any CPU
		{8291FB65-54AF-4D64-AE68-B4F64E33DBE1}.Release|Any CPU.ActiveCfg = Release|Any CPU
		{8291FB65-54AF-4D64-AE68-B4F64E33DBE1}.Release|Any CPU.Build.0 = Release|Any CPU
		{AD28F426-0678-452C-9D95-CB14703D8756}.Debug|Any CPU.ActiveCfg = Debug|Any CPU
		{AD28F426-0678-452C-9D95-CB14703D8756}.Debug|Any CPU.Build.0 = Debug|Any CPU
		{AD28F426-0678-452C-9D95-CB14703D8756}.Release|Any CPU.ActiveCfg = Release|Any CPU
		{AD28F426-0678-452C-9D95-CB14703D8756}.Release|Any CPU.Build.0 = Release|Any CPU
	EndGlobalSection
	GlobalSection(SolutionProperties) = preSolution
		HideSolutionNode = FALSE
	EndGlobalSection
	GlobalSection(ExtensibilityGlobals) = postSolution
		SolutionGuid = {3BBF5BAC-DFC4-4FF9-B4C2-DD935FC10F1A}
	EndGlobalSection
EndGlobal
